{
  "requires": true,
  "lockfileVersion": 1,
  "dependencies": {
    "wangeditor-antd": {
      "version": "1.0.8",
      "resolved": "https://registry.npmjs.org/wangeditor-antd/-/wangeditor-antd-1.0.8.tgz",
      "integrity": "sha512-q52NgDyco00i9kziHW59kUR8hEp8FHKOxR1paHwJC8ot1XrWDEvJ7chvVcZ8jtkrwc6aa3CmiLyCL+VzWqqwJg=="
    }
  }
}
